PODS:
  - RxBlocking (6.2.0):
    - RxSwift (= 6.2.0)
  - RxSwift (6.2.0)
  - SWXMLHash (5.0.1)

DEPENDENCIES:
  - RxBlocking (~> 6)
  - RxSwift (~> 6)
  - SWXMLHash (~> 5)

SPEC REPOS:
  trunk:
    - RxBlocking
    - RxSwift
    - SWXMLHash

SPEC CHECKSUMS:
  RxBlocking: 0b29f7d2079109a8de49c411381bed7c33ef1eeb
  RxSwift: d356ab7bee873611322f134c5f9ef379fa183d8f
  SWXMLHash: 9cc0c2e4807926c74377724aa8722ee5707a0485

PODFILE CHECKSUM: 186b3a9ab9523b12d92079e21f3c208c19484369

COCOAPODS: 1.10.1
