PODS:
  - RxBlocking (4.0.0):
    - RxSwift (~> 4.0)
  - RxSwift (4.0.0)
  - SWXMLHash (4.2.1)

DEPENDENCIES:
  - RxBlocking (~> 4.0)
  - RxSwift (~> 4.0)
  - SWXMLHash (~> 4.2)

SPEC CHECKSUMS:
  RxBlocking: 923c2c8106d80d7c2d6b276afd66ce3b10824836
  RxSwift: fd680d75283beb5e2559486f3c0ff852f0d35334
  SWXMLHash: a4e70d15b73f825ce7b2f4ecb3dc1a3a4ff1cfb9

PODFILE CHECKSUM: d5337faaaaf4bcb2607437f81768c741d43db0e2

COCOAPODS: 1.4.0.beta.1
