PODS:
  - RxBlocking (5.1.1):
    - RxSwift (~> 5)
  - RxSwift (5.1.2)
  - SWXMLHash (5.0.1)

DEPENDENCIES:
  - RxBlocking (~> 5)
  - RxSwift (~> 5)
  - SWXMLHash (~> 5)

SPEC REPOS:
  trunk:
    - RxBlocking
    - RxSwift
    - SWXMLHash

SPEC CHECKSUMS:
  RxBlocking: 5f700a78cad61ce253ebd37c9a39b5ccc76477b4
  RxSwift: 1e2e1f9570186967f617e49128ed26ccf1bafc8e
  SWXMLHash: 9cc0c2e4807926c74377724aa8722ee5707a0485

PODFILE CHECKSUM: 2b18f393cd9967151a4f6ef716f8ea7b50acba88

COCOAPODS: 1.10.1
